// !$*UTF8*$!
{
	archiveVersion = 1;
	classes = {
	};
	objectVersion = 46;
	objects = {

/* Begin PBXBuildFile section */
		8E747D121CA300E30079AA4A /* main.cpp in Sources */ = {isa = PBXBuildFile; fileRef = 8E747D111CA300E30079AA4A /* main.cpp */; };
/* End PBXBuildFile section */

/* Begin PBXCopyFilesBuildPhase section */
		8E747D0C1CA300E30079AA4A /* CopyFiles */ = {
			isa = PBXCopyFilesBuildPhase;
			buildActionMask = 2147483647;
			dstPath = /usr/share/man/man1/;
			dstSubfolderSpec = 0;
			files = (
			);
			runOnlyForDeploymentPostprocessing = 1;
		};
/* End PBXCopyFilesBuildPhase section */

/* Begin PBXFileReference section */
		8E747D0E1CA300E30079AA4A /* HPC-Q4 */ = {isa = PBXFileReference; explicitFileType = "compiled.mach-o.executable"; includeInIndex = 0; path = "HPC-Q4"; sourceTree = BUILT_PRODUCTS_DIR; };
		8E747D111CA300E30079AA4A /* main.cpp */ = {isa = PBXFileReference; lastKnownFileType = sourcecode.cpp.cpp; path = main.cpp; sourceTree = "<group>"; };
/* End PBXFileReference section */

/* Begin PBXFrameworksBuildPhase section */
		8E747D0B1CA300E30079AA4A /* Frameworks */ = {
			isa = PBXFrameworksBuildPhase;
			buildActionMask = 2147483647;
			files = (
			);
			runOnlyForDeploymentPostprocessing = 0;
		};
/* End PBXFrameworksBuildPhase section */

/* Begin PBXGroup section */
		8E747D051CA300E30079AA4A = {
			isa = PBXGroup;
			children = (
				8E747D101CA300E30079AA4A /* HPC-Q4 */,
				8E747D0F1CA300E30079AA4A /* Products */,
			);
			sourceTree = "<group>";
		};
		8E747D0F1CA300E30079AA4A /* Products */ = {
			isa = PBXGroup;
			children = (
				8E747D0E1CA300E30079AA4A /* HPC-Q4 */,
			);
			name = Products;
			sourceTree = "<group>";
		};
		8E747D101CA300E30079AA4A /* HPC-Q4 */ = {
			isa = PBXGroup;
			children = (
				8E747D111CA300E30079AA4A /* main.cpp */,
			);
			path = "HPC-Q4";
			sourceTree = "<group>";
		};
/* End PBXGroup section */

/* Begin PBXNativeTarget section */
		8E747D0D1CA300E30079AA4A /* HPC-Q4 */ = {
			isa = PBXNativeTarget;
			buildConfigurationList = 8E747D151CA300E30079AA4A /* Build configuration list for PBXNativeTarget "HPC-Q4" */;
			buildPhases = (
				8E747D0A1CA300E30079AA4A /* Sources */,
				8E747D0B1CA300E30079AA4A /* Frameworks */,
				8E747D0C1CA300E30079AA4A /* CopyFiles */,
			);
			buildRules = (
			);
			dependencies = (
			);
			name = "HPC-Q4";
			productName = "HPC-Q4";
			productReference = 8E747D0E1CA300E30079AA4A /* HPC-Q4 */;
			productType = "com.apple.product-type.tool";
		};
/* End PBXNativeTarget section */

/* Begin PBXProject section */
		8E747D061CA300E30079AA4A /* Project object */ = {
			isa = PBXProject;
			attributes = {
				LastUpgradeCheck = 0620;
				ORGANIZATIONNAME = hyo13;
				TargetAttributes = {
					8E747D0D1CA300E30079AA4A = {
						CreatedOnToolsVersion = 6.2;
					};
				};
			};
			buildConfigurationList = 8E747D091CA300E30079AA4A /* Build configuration list for PBXProject "HPC-Q4" */;
			compatibilityVersion = "Xcode 3.2";
			developmentRegion = English;
			hasScannedForEncodings = 0;
			knownRegions = (
				en,
			);
			mainGroup = 8E747D051CA300E30079AA4A;
			productRefGroup = 8E747D0F1CA300E30079AA4A /* Products */;
			projectDirPath = "";
			projectRoot = "";
			targets = (
				8E747D0D1CA300E30079AA4A /* HPC-Q4 */,
			);
		};
/* End PBXProject section */

/* Begin PBXSourcesBuildPhase section */
		8E747D0A1CA300E30079AA4A /* Sources */ = {
			isa = PBXSourcesBuildPhase;
			buildActionMask = 2147483647;
			files = (
				8E747D121CA300E30079AA4A /* main.cpp in Sources */,
			);
			runOnlyForDeploymentPostprocessing = 0;
		};
/* End PBXSourcesBuildPhase section */

/* Begin XCBuildConfiguration section */
		8E747D131CA300E30079AA4A /* Debug */ = {
			isa = XCBuildConfiguration;
			buildSettings = {
				ALWAYS_SEARCH_USER_PATHS = NO;
				CLANG_CXX_LANGUAGE_STANDARD = "gnu++0x";
				CLANG_CXX_LIBRARY = "libc++";
				CLANG_ENABLE_MODULES = YES;
				CLANG_ENABLE_OBJC_ARC = YES;
				CLANG_WARN_BOOL_CONVERSION = YES;
				CLANG_WARN_CONSTANT_CONVERSION = YES;
				CLANG_WARN_DIRECT_OBJC_ISA_USAGE = YES_ERROR;
				CLANG_WARN_EMPTY_BODY = YES;
				CLANG_WARN_ENUM_CONVERSION = YES;
				CLANG_WARN_INT_CONVERSION = YES;
				CLANG_WARN_OBJC_ROOT_CLASS = YES_ERROR;
				CLANG_WARN_UNREACHABLE_CODE = YES;
				CLANG_WARN__DUPLICATE_METHOD_MATCH = YES;
				COPY_PHASE_STRIP = NO;
				ENABLE_STRICT_OBJC_MSGSEND = YES;
				GCC_C_LANGUAGE_STANDARD = gnu99;
				GCC_DYNAMIC_NO_PIC = NO;
				GCC_OPTIMIZATION_LEVEL = 0;
				GCC_PREPROCESSOR_DEFINITIONS = (
					"DEBUG=1",
					"$(inherited)",
				);
				GCC_SYMBOLS_PRIVATE_EXTERN = NO;
				GCC_WARN_64_TO_32_BIT_CONVERSION = YES;
				GCC_WARN_ABOUT_RETURN_TYPE = YES_ERROR;
				GCC_WARN_UNDECLARED_SELECTOR = YES;
				GCC_WARN_UNINITIALIZED_AUTOS = YES_AGGRESSIVE;
				GCC_WARN_UNUSED_FUNCTION = YES;
				GCC_WARN_UNUSED_VARIABLE = YES;
				MACOSX_DEPLOYMENT_TARGET = 10.9;
				MTL_ENABLE_DEBUG_INFO = YES;
				ONLY_ACTIVE_ARCH = YES;
				SDKROOT = macosx;
			};
			name = Debug;
		};
		8E747D141CA300E30079AA4A /* Release */ = {
			isa = XCBuildConfiguration;
			buildSettings = {
				ALWAYS_SEARCH_USER_PATHS = NO;
				CLANG_CXX_LANGUAGE_STANDARD = "gnu++0x";
				CLANG_CXX_LIBRARY = "libc++";
				CLANG_ENABLE_MODULES = YES;
				CLANG_ENABLE_OBJC_ARC = YES;
				CLANG_WARN_BOOL_CONVERSION = YES;
				CLANG_WARN_CONSTANT_CONVERSION = YES;
				CLANG_WARN_DIRECT_OBJC_ISA_USAGE = YES_ERROR;
				CLANG_WARN_EMPTY_BODY = YES;
				CLANG_WARN_ENUM_CONVERSION = YES;
				CLANG_WARN_INT_CONVERSION = YES;
				CLANG_WARN_OBJC_ROOT_CLASS = YES_ERROR;
				CLANG_WARN_UNREACHABLE_CODE = YES;
				CLANG_WARN__DUPLICATE_METHOD_MATCH = YES;
				COPY_PHASE_STRIP = NO;
				DEBUG_INFORMATION_FORMAT = "dwarf-with-dsym";
				ENABLE_NS_ASSERTIONS = NO;
				ENABLE_STRICT_OBJC_MSGSEND = YES;
				GCC_C_LANGUAGE_STANDARD = gnu99;
				GCC_WARN_64_TO_32_BIT_CONVERSION = YES;
				GCC_WARN_ABOUT_RETURN_TYPE = YES_ERROR;
				GCC_WARN_UNDECLARED_SELECTOR = YES;
				GCC_WARN_UNINITIALIZED_AUTOS = YES_AGGRESSIVE;
				GCC_WARN_UNUSED_FUNCTION = YES;
				GCC_WARN_UNUSED_VARIABLE = YES;
				MACOSX_DEPLOYMENT_TARGET = 10.9;
				MTL_ENABLE_DEBUG_INFO = NO;
				SDKROOT = macosx;
			};
			name = Release;
		};
		8E747D161CA300E30079AA4A /* Debug */ = {
			isa = XCBuildConfiguration;
			buildSettings = {
				PRODUCT_NAME = "$(TARGET_NAME)";
			};
			name = Debug;
		};
		8E747D171CA300E30079AA4A /* Release */ = {
			isa = XCBuildConfiguration;
			buildSettings = {
				PRODUCT_NAME = "$(TARGET_NAME)";
			};
			name = Release;
		};
/* End XCBuildConfiguration section */

/* Begin XCConfigurationList section */
		8E747D091CA300E30079AA4A /* Build configuration list for PBXProject "HPC-Q4" */ = {
			isa = XCConfigurationList;
			buildConfigurations = (
				8E747D131CA300E30079AA4A /* Debug */,
				8E747D141CA300E30079AA4A /* Release */,
			);
			defaultConfigurationIsVisible = 0;
			defaultConfigurationName = Release;
		};
		8E747D151CA300E30079AA4A /* Build configuration list for PBXNativeTarget "HPC-Q4" */ = {
			isa = XCConfigurationList;
			buildConfigurations = (
				8E747D161CA300E30079AA4A /* Debug */,
				8E747D171CA300E30079AA4A /* Release */,
			);
			defaultConfigurationIsVisible = 0;
		};
/* End XCConfigurationList section */
	};
	rootObject = 8E747D061CA300E30079AA4A /* Project object */;
}
